lockfileVersion: '9.0'

settings:
  autoInstallPeers: true
  excludeLinksFromLockfile: false

importers:

  .:
    dependencies:
      qr-image:
        specifier: ^3.2.0
        version: 3.2.0
    devDependencies:
      prettier:
        specifier: ^1.18.2
        version: 1.19.1

packages:

  prettier@1.19.1:
    resolution: {integrity: sha512-s7PoyDv/II1ObgQunCbB9PdLmUcBZcnWOcxDh7O0N/UwDEsHyqkW+Qh28jW+mVuCdx7gLB0BotYI1Y6uI9iyew==}
    engines: {node: '>=4'}
    hasBin: true

  qr-image@3.2.0:
    resolution: {integrity: sha512-rXKDS5Sx3YipVsqmlMJsJsk6jXylEpiHRC2+nJy66fxA5ExYyGa4PqwteW69SaVmAb2OQ18HbYriT7cGQMbduw==}

snapshots:

  prettier@1.19.1: {}

  qr-image@3.2.0: {}
